
Microsoft Visual Studio Solution File, Format Version 12.00
# Visual Studio Version 17
VisualStudioVersion = 17.5.002.0
MinimumVisualStudioVersion = 10.0.40219.1
Project("{9A19103F-16F7-4668-BE54-9A1E7A4F7556}") = "TragInElDotNet", "TragInElDotNet.csproj", "{53BE1744-6C79-4B32-B5BF-A0F2D0796995}"
EndProject
Global
	GlobalSection(SolutionConfigurationPlatforms) = preSolution
		Debug|Any CPU = Debug|Any CPU
		Release|Any CPU = Release|Any CPU
	EndGlobalSection
	GlobalSection(ProjectConfigurationPlatforms) = postSolution
		{53BE1744-6C79-4B32-B5BF-A0F2D0796995}.Debug|Any CPU.ActiveCfg = Debug|Any CPU
		{53BE1744-6C79-4B32-B5BF-A0F2D0796995}.Debug|Any CPU.Build.0 = Debug|Any CPU
		{53BE1744-6C79-4B32-B5BF-A0F2D0796995}.Release|Any CPU.ActiveCfg = Release|Any CPU
		{53BE1744-6C79-4B32-B5BF-A0F2D0796995}.Release|Any CPU.Build.0 = Release|Any CPU
	EndGlobalSection
	GlobalSection(SolutionProperties) = preSolution
		HideSolutionNode = FALSE
	EndGlobalSection
	GlobalSection(ExtensibilityGlobals) = postSolution
		SolutionGuid = {F7552F34-27FF-4566-B1F5-D0CDD5E7D35A}
	EndGlobalSection
EndGlobal
